<?xml version="1.0" encoding="utf-8"?>
<Project ToolsVersion="4.0" xmlns="http://schemas.microsoft.com/developer/msbuild/2003">
  <ItemGroup>
    <Filter Include="Division">
      <UniqueIdentifier>{0A65C0EA-F631-1BF6-1F4B-099E0B775084}</UniqueIdentifier>
    </Filter>
    <Filter Include="Division\Application">
      <UniqueIdentifier>{CD7FF363-B90E-7D2D-622D-91284E9B8DD3}</UniqueIdentifier>
    </Filter>
    <Filter Include="Division\Events">
      <UniqueIdentifier>{AEC1C451-1A4D-3216-235E-B50A8F688E16}</UniqueIdentifier>
    </Filter>
    <Filter Include="Division\GUI">
      <UniqueIdentifier>{1ED93A6F-0A3C-CA13-B3C1-02CA9F039696}</UniqueIdentifier>
    </Filter>
    <Filter Include="Division\Layer">
      <UniqueIdentifier>{5681B729-424F-AB2F-2BE3-1B5617508794}</UniqueIdentifier>
    </Filter>
    <Filter Include="Division\Utils">
      <UniqueIdentifier>{EA85642A-D653-5830-BFE7-C856AB543495}</UniqueIdentifier>
    </Filter>
    <Filter Include="Division\Utils\OpenGL">
      <UniqueIdentifier>{DE23061C-4A90-C116-1384-59747FAFE37E}</UniqueIdentifier>
    </Filter>
    <Filter Include="Division\Window">
      <UniqueIdentifier>{B122DB7A-1DAE-483F-26BF-CB3392C9A43F}</UniqueIdentifier>
    </Filter>
  </ItemGroup>
  <ItemGroup>
    <ClInclude Include="src\Division.h" />
    <ClInclude Include="src\Division\Application\Application.h">
      <Filter>Division\Application</Filter>
    </ClInclude>
    <ClInclude Include="src\Division\Core.h">
      <Filter>Division</Filter>
    </ClInclude>
    <ClInclude Include="src\Division\Entry.h">
      <Filter>Division</Filter>
    </ClInclude>
    <ClInclude Include="src\Division\Events\AppEvent.h">
      <Filter>Division\Events</Filter>
    </ClInclude>
    <ClInclude Include="src\Division\Events\Event.h">
      <Filter>Division\Events</Filter>
    </ClInclude>
    <ClInclude Include="src\Division\Events\KeyEvent.h">
      <Filter>Division\Events</Filter>
    </ClInclude>
    <ClInclude Include="src\Division\Events\MouseEvent.h">
      <Filter>Division\Events</Filter>
    </ClInclude>
    <ClInclude Include="src\Division\GUI\GuiLayer.h">
      <Filter>Division\GUI</Filter>
    </ClInclude>
    <ClInclude Include="src\Division\Layer\Layer.h">
      <Filter>Division\Layer</Filter>
    </ClInclude>
    <ClInclude Include="src\Division\Layer\LayerStack.h">
      <Filter>Division\Layer</Filter>
    </ClInclude>
    <ClInclude Include="src\Division\Utils\Log.h">
      <Filter>Division\Utils</Filter>
    </ClInclude>
    <ClInclude Include="src\Division\Utils\OpenGL\imgui_impl_glfw.h">
      <Filter>Division\Utils\OpenGL</Filter>
    </ClInclude>
    <ClInclude Include="src\Division\Utils\OpenGL\imgui_impl_opengl3.h">
      <Filter>Division\Utils\OpenGL</Filter>
    </ClInclude>
    <ClInclude Include="src\Division\Utils\OpenGL\imgui_impl_opengl3_loader.h">
      <Filter>Division\Utils\OpenGL</Filter>
    </ClInclude>
    <ClInclude Include="src\Division\Window\Window.h">
      <Filter>Division\Window</Filter>
    </ClInclude>
    <ClInclude Include="src\Division\Window\WindowInterface.h">
      <Filter>Division\Window</Filter>
    </ClInclude>
    <ClInclude Include="src\dpch.h" />
    <ClInclude Include="Src\Division\Input\Input.h" />
    <ClInclude Include="Src\Division\Input\WindowInput.h" />
    <ClInclude Include="Src\Division\Input\KeyCodes.h" />
    <ClInclude Include="Src\Division\Input\MouseButtonCodes.h" />
  </ItemGroup>
  <ItemGroup>
    <ClCompile Include="src\Division\Application\Application.cpp">
      <Filter>Division\Application</Filter>
    </ClCompile>
    <ClCompile Include="src\Division\GUI\GuiLayer.cpp">
      <Filter>Division\GUI</Filter>
    </ClCompile>
    <ClCompile Include="src\Division\Layer\Layer.cpp">
      <Filter>Division\Layer</Filter>
    </ClCompile>
    <ClCompile Include="src\Division\Layer\LayerStack.cpp">
      <Filter>Division\Layer</Filter>
    </ClCompile>
    <ClCompile Include="src\Division\Utils\Log.cpp">
      <Filter>Division\Utils</Filter>
    </ClCompile>
    <ClCompile Include="src\Division\Utils\OpenGL\imgui_impl_glfw.cpp">
      <Filter>Division\Utils\OpenGL</Filter>
    </ClCompile>
    <ClCompile Include="src\Division\Utils\OpenGL\imgui_impl_opengl3.cpp">
      <Filter>Division\Utils\OpenGL</Filter>
    </ClCompile>
    <ClCompile Include="src\Division\Window\Window.cpp">
      <Filter>Division\Window</Filter>
    </ClCompile>
    <ClCompile Include="src\dpch.cpp" />
    <ClCompile Include="Src\Division\Input\Input.cpp" />
    <ClCompile Include="Src\Division\Input\WindowInput.cpp" />
  </ItemGroup>
</Project>