<?xml version="1.0" encoding="utf-8"?>
<Project ToolsVersion="4.0" xmlns="http://schemas.microsoft.com/developer/msbuild/2003">
  <ItemGroup>
    <Filter Include="Division">
      <UniqueIdentifier>{0A65C0EA-F631-1BF6-1F4B-099E0B775084}</UniqueIdentifier>
    </Filter>
    <Filter Include="Division\Application">
      <UniqueIdentifier>{CD7FF363-B90E-7D2D-622D-91284E9B8DD3}</UniqueIdentifier>
    </Filter>
    <Filter Include="Division\Utils">
      <UniqueIdentifier>{EA85642A-D653-5830-BFE7-C856AB543495}</UniqueIdentifier>
    </Filter>
  </ItemGroup>
  <ItemGroup>
    <ClInclude Include="src\Division.h" />
    <ClInclude Include="src\Division\Application\Application.h">
      <Filter>Division\Application</Filter>
    </ClInclude>
    <ClInclude Include="src\Division\Core.h">
      <Filter>Division</Filter>
    </ClInclude>
    <ClInclude Include="src\Division\Entry.h">
      <Filter>Division</Filter>
    </ClInclude>
    <ClInclude Include="src\Division\Utils\Log.h">
      <Filter>Division\Utils</Filter>
    </ClInclude>
  </ItemGroup>
  <ItemGroup>
    <ClCompile Include="src\Division\Application\Application.cpp">
      <Filter>Division\Application</Filter>
    </ClCompile>
    <ClCompile Include="src\Division\Utils\Log.cpp">
      <Filter>Division\Utils</Filter>
    </ClCompile>
  </ItemGroup>
</Project>